schema: '2.0'
stages:
  data_ingestion:
    cmd: python -m src.data.data_ingestion
    deps:
    - path: src/data/data_ingestion.py
      hash: md5
      md5: 4ce69a3916854683d50e0b79d2fa3dba
      size: 3404
    params:
      params.yaml:
        data_ingestion.test_size: 0.2
    outs:
    - path: data/raw
      hash: md5
      md5: 2f8d02da7bc67c260d9fa8241962149c.dir
      size: 649243
      nfiles: 2
  data_preprocessing:
    cmd: python -m src.data.data_preprocessing
    deps:
    - path: data/raw
      hash: md5
      md5: 2f8d02da7bc67c260d9fa8241962149c.dir
      size: 649243
      nfiles: 2
    - path: src/data/data_preprocessing.py
      hash: md5
      md5: 16c162c5193fafc037275ad2a1bcb84d
      size: 5554
    outs:
    - path: data/interim
      hash: md5
      md5: f82e0b64e7752999a64e70473e5acdae.dir
      size: 404752
      nfiles: 2
  feature_engineering:
    cmd: python -m src.features.feature_engineering
    deps:
    - path: data/interim
      hash: md5
      md5: f82e0b64e7752999a64e70473e5acdae.dir
      size: 404752
      nfiles: 2
    - path: src/features/feature_engineering.py
      hash: md5
      md5: 754c9dce432a9373f29e40a48172bb93
      size: 5306
    params:
      params.yaml:
        feature_engineering.max_features: 30000
    outs:
    - path: data/processed
      hash: md5
      md5: ccc2f5524e018b829c993a541370dd72.dir
      size: 7573757
      nfiles: 2
    - path: models/vectorizer.pkl
      hash: md5
      md5: c1c51a10067fdd59073ff1d6fcadd5cc
      size: 128783
  model_building:
    cmd: python -m src.model.model_building
    deps:
    - path: data/processed
      hash: md5
      md5: ccc2f5524e018b829c993a541370dd72.dir
      size: 7573757
      nfiles: 2
    - path: src/model/model_building.py
      hash: md5
      md5: 18effc9e84c7cf0f1cdf0aed2aee510c
      size: 5839
    outs:
    - path: models/model.pkl
      hash: md5
      md5: 844c6170f37c98ced3f98d57bb7f02de
      size: 28288
  model_evaluation:
    cmd: python -m src.model.model_evaluation
    deps:
    - path: models/model.pkl
      hash: md5
      md5: 844c6170f37c98ced3f98d57bb7f02de
      size: 28288
    - path: src/model/model_evaluation.py
      hash: md5
      md5: e1f8da382b7cd12785e8bc0d71aed186
      size: 6023
    outs:
    - path: reports/experiment_info.json
      hash: md5
      md5: d9c098459bbcda22d6f1da93b699e5b7
      size: 118
    - path: reports/metrics.json
      hash: md5
      md5: d785eb3844663561b1ea33bd3de8c331
      size: 199
  model_registration:
    cmd: python -m src.model.register_model
    deps:
    - path: reports/experiment_info.json
      hash: md5
      md5: d9c098459bbcda22d6f1da93b699e5b7
      size: 118
    - path: src/model/register_model.py
      hash: md5
      md5: 25b943d4c86a2d2b6ba4189827c9cdf7
      size: 1900
